
Microsoft Visual Studio Solution File, Format Version 12.00
# Visual Studio Version 17
VisualStudioVersion = 17.2.32602.215
MinimumVisualStudioVersion = 10.0.40219.1
Project("{2150E333-8FDC-42A3-9474-1A3956D46DE8}") = "Solution Items", "Solution Items", "{EC78A162-7AB2-4190-BA02-5E42715F24F4}"
	ProjectSection(SolutionItems) = preProject
		README.md = README.md
	EndProjectSection
EndProject
Project("{2150E333-8FDC-42A3-9474-1A3956D46DE8}") = "BasicExample", "BasicExample", "{8858B64D-D9C2-498F-BC9D-853086082AF1}"
	ProjectSection(SolutionItems) = preProject
		BasicExample\README.md = BasicExample\README.md
	EndProjectSection
EndProject
Project("{2150E333-8FDC-42A3-9474-1A3956D46DE8}") = "StaticFiles", "StaticFiles", "{1C2F2895-D234-461B-A672-92866FA638E6}"
	ProjectSection(SolutionItems) = preProject
		StaticFiles\README.md = StaticFiles\README.md
	EndProjectSection
EndProject
Project("{9A19103F-16F7-4668-BE54-9A1E7A4F7556}") = "Basic.App", "BasicExample\Basic.App\Basic.App.csproj", "{B82D41EA-994E-4047-B6C5-02E818EDD3E2}"
EndProject
Project("{9A19103F-16F7-4668-BE54-9A1E7A4F7556}") = "Basic.Generator", "BasicExample\Basic.Generator\Basic.Generator.csproj", "{C02C7E84-E6D1-4168-94FC-2D074FD9503E}"
EndProject
Project("{9A19103F-16F7-4668-BE54-9A1E7A4F7556}") = "StaticFiles.App", "StaticFiles\StaticFiles.App\StaticFiles.App.csproj", "{BF663009-039E-44A2-A4BD-E802E7714C89}"
EndProject
Project("{9A19103F-16F7-4668-BE54-9A1E7A4F7556}") = "StaticFiles.IncrementalGenerator", "StaticFiles\StaticFiles.IncrementalGenerator\StaticFiles.IncrementalGenerator.csproj", "{8B34FE60-119D-4529-95BC-50DB69B0F954}"
EndProject
Project("{9A19103F-16F7-4668-BE54-9A1E7A4F7556}") = "StaticFiles.SourceGenerator", "StaticFiles\StaticFiles.SourceGenerator\StaticFiles.SourceGenerator.csproj", "{D6E78CCE-A2CB-4AC6-81C0-BB9903B414A8}"
EndProject
Project("{9A19103F-16F7-4668-BE54-9A1E7A4F7556}") = "StaticFiles.Tests", "StaticFiles\StaticFiles.Tests\StaticFiles.Tests.csproj", "{D0FE78E7-9DA9-4E31-89FF-CE89A95E0ED8}"
EndProject
Project("{FAE04EC0-301F-11D3-BF4B-00C04F79EFBC}") = "TestProject1", "TestProject1\TestProject1.csproj", "{52AACC0A-09B9-41FE-8D1B-546CDE6D0583}"
EndProject
Project("{FAE04EC0-301F-11D3-BF4B-00C04F79EFBC}") = "Analyzer1", "Analyzer1\Analyzer1\Analyzer1.csproj", "{979FC620-3941-483D-82C7-A1FC09429873}"
EndProject
Project("{FAE04EC0-301F-11D3-BF4B-00C04F79EFBC}") = "Analyzer1.CodeFixes", "Analyzer1\Analyzer1.CodeFixes\Analyzer1.CodeFixes.csproj", "{D53D795B-87AF-4A53-B284-83A5C5F08B06}"
EndProject
Project("{FAE04EC0-301F-11D3-BF4B-00C04F79EFBC}") = "Analyzer1.Package", "Analyzer1\Analyzer1.Package\Analyzer1.Package.csproj", "{7E25014F-9AB0-4DB9-8A0B-678B84B8DF7F}"
EndProject
Project("{FAE04EC0-301F-11D3-BF4B-00C04F79EFBC}") = "Analyzer1.Test", "Analyzer1\Analyzer1.Test\Analyzer1.Test.csproj", "{5A51FA95-BBFC-425C-BA62-49A87CBB011E}"
EndProject
Project("{FAE04EC0-301F-11D3-BF4B-00C04F79EFBC}") = "Analyzer1.Vsix", "Analyzer1\Analyzer1.Vsix\Analyzer1.Vsix.csproj", "{9EC71211-3884-483A-AEB6-96AF06B5753A}"
EndProject
Global
	GlobalSection(SolutionConfigurationPlatforms) = preSolution
		Debug|Any CPU = Debug|Any CPU
		Release|Any CPU = Release|Any CPU
	EndGlobalSection
	GlobalSection(ProjectConfigurationPlatforms) = postSolution
		{B82D41EA-994E-4047-B6C5-02E818EDD3E2}.Debug|Any CPU.ActiveCfg = Debug|Any CPU
		{B82D41EA-994E-4047-B6C5-02E818EDD3E2}.Debug|Any CPU.Build.0 = Debug|Any CPU
		{B82D41EA-994E-4047-B6C5-02E818EDD3E2}.Release|Any CPU.ActiveCfg = Release|Any CPU
		{B82D41EA-994E-4047-B6C5-02E818EDD3E2}.Release|Any CPU.Build.0 = Release|Any CPU
		{C02C7E84-E6D1-4168-94FC-2D074FD9503E}.Debug|Any CPU.ActiveCfg = Debug|Any CPU
		{C02C7E84-E6D1-4168-94FC-2D074FD9503E}.Debug|Any CPU.Build.0 = Debug|Any CPU
		{C02C7E84-E6D1-4168-94FC-2D074FD9503E}.Release|Any CPU.ActiveCfg = Release|Any CPU
		{C02C7E84-E6D1-4168-94FC-2D074FD9503E}.Release|Any CPU.Build.0 = Release|Any CPU
		{BF663009-039E-44A2-A4BD-E802E7714C89}.Debug|Any CPU.ActiveCfg = Debug|Any CPU
		{BF663009-039E-44A2-A4BD-E802E7714C89}.Debug|Any CPU.Build.0 = Debug|Any CPU
		{BF663009-039E-44A2-A4BD-E802E7714C89}.Release|Any CPU.ActiveCfg = Release|Any CPU
		{BF663009-039E-44A2-A4BD-E802E7714C89}.Release|Any CPU.Build.0 = Release|Any CPU
		{8B34FE60-119D-4529-95BC-50DB69B0F954}.Debug|Any CPU.ActiveCfg = Debug|Any CPU
		{8B34FE60-119D-4529-95BC-50DB69B0F954}.Debug|Any CPU.Build.0 = Debug|Any CPU
		{8B34FE60-119D-4529-95BC-50DB69B0F954}.Release|Any CPU.ActiveCfg = Release|Any CPU
		{8B34FE60-119D-4529-95BC-50DB69B0F954}.Release|Any CPU.Build.0 = Release|Any CPU
		{D6E78CCE-A2CB-4AC6-81C0-BB9903B414A8}.Debug|Any CPU.ActiveCfg = Debug|Any CPU
		{D6E78CCE-A2CB-4AC6-81C0-BB9903B414A8}.Debug|Any CPU.Build.0 = Debug|Any CPU
		{D6E78CCE-A2CB-4AC6-81C0-BB9903B414A8}.Release|Any CPU.ActiveCfg = Release|Any CPU
		{D6E78CCE-A2CB-4AC6-81C0-BB9903B414A8}.Release|Any CPU.Build.0 = Release|Any CPU
		{D0FE78E7-9DA9-4E31-89FF-CE89A95E0ED8}.Debug|Any CPU.ActiveCfg = Debug|Any CPU
		{D0FE78E7-9DA9-4E31-89FF-CE89A95E0ED8}.Debug|Any CPU.Build.0 = Debug|Any CPU
		{D0FE78E7-9DA9-4E31-89FF-CE89A95E0ED8}.Release|Any CPU.ActiveCfg = Release|Any CPU
		{D0FE78E7-9DA9-4E31-89FF-CE89A95E0ED8}.Release|Any CPU.Build.0 = Release|Any CPU
		{52AACC0A-09B9-41FE-8D1B-546CDE6D0583}.Debug|Any CPU.ActiveCfg = Debug|Any CPU
		{52AACC0A-09B9-41FE-8D1B-546CDE6D0583}.Debug|Any CPU.Build.0 = Debug|Any CPU
		{52AACC0A-09B9-41FE-8D1B-546CDE6D0583}.Release|Any CPU.ActiveCfg = Release|Any CPU
		{52AACC0A-09B9-41FE-8D1B-546CDE6D0583}.Release|Any CPU.Build.0 = Release|Any CPU
		{979FC620-3941-483D-82C7-A1FC09429873}.Debug|Any CPU.ActiveCfg = Debug|Any CPU
		{979FC620-3941-483D-82C7-A1FC09429873}.Debug|Any CPU.Build.0 = Debug|Any CPU
		{979FC620-3941-483D-82C7-A1FC09429873}.Release|Any CPU.ActiveCfg = Release|Any CPU
		{979FC620-3941-483D-82C7-A1FC09429873}.Release|Any CPU.Build.0 = Release|Any CPU
		{D53D795B-87AF-4A53-B284-83A5C5F08B06}.Debug|Any CPU.ActiveCfg = Debug|Any CPU
		{D53D795B-87AF-4A53-B284-83A5C5F08B06}.Debug|Any CPU.Build.0 = Debug|Any CPU
		{D53D795B-87AF-4A53-B284-83A5C5F08B06}.Release|Any CPU.ActiveCfg = Release|Any CPU
		{D53D795B-87AF-4A53-B284-83A5C5F08B06}.Release|Any CPU.Build.0 = Release|Any CPU
		{7E25014F-9AB0-4DB9-8A0B-678B84B8DF7F}.Debug|Any CPU.ActiveCfg = Debug|Any CPU
		{7E25014F-9AB0-4DB9-8A0B-678B84B8DF7F}.Debug|Any CPU.Build.0 = Debug|Any CPU
		{7E25014F-9AB0-4DB9-8A0B-678B84B8DF7F}.Release|Any CPU.ActiveCfg = Release|Any CPU
		{7E25014F-9AB0-4DB9-8A0B-678B84B8DF7F}.Release|Any CPU.Build.0 = Release|Any CPU
		{5A51FA95-BBFC-425C-BA62-49A87CBB011E}.Debug|Any CPU.ActiveCfg = Debug|Any CPU
		{5A51FA95-BBFC-425C-BA62-49A87CBB011E}.Debug|Any CPU.Build.0 = Debug|Any CPU
		{5A51FA95-BBFC-425C-BA62-49A87CBB011E}.Release|Any CPU.ActiveCfg = Release|Any CPU
		{5A51FA95-BBFC-425C-BA62-49A87CBB011E}.Release|Any CPU.Build.0 = Release|Any CPU
		{9EC71211-3884-483A-AEB6-96AF06B5753A}.Debug|Any CPU.ActiveCfg = Debug|Any CPU
		{9EC71211-3884-483A-AEB6-96AF06B5753A}.Debug|Any CPU.Build.0 = Debug|Any CPU
		{9EC71211-3884-483A-AEB6-96AF06B5753A}.Release|Any CPU.ActiveCfg = Release|Any CPU
		{9EC71211-3884-483A-AEB6-96AF06B5753A}.Release|Any CPU.Build.0 = Release|Any CPU
	EndGlobalSection
	GlobalSection(SolutionProperties) = preSolution
		HideSolutionNode = FALSE
	EndGlobalSection
	GlobalSection(NestedProjects) = preSolution
		{B82D41EA-994E-4047-B6C5-02E818EDD3E2} = {8858B64D-D9C2-498F-BC9D-853086082AF1}
		{C02C7E84-E6D1-4168-94FC-2D074FD9503E} = {8858B64D-D9C2-498F-BC9D-853086082AF1}
		{BF663009-039E-44A2-A4BD-E802E7714C89} = {1C2F2895-D234-461B-A672-92866FA638E6}
		{8B34FE60-119D-4529-95BC-50DB69B0F954} = {1C2F2895-D234-461B-A672-92866FA638E6}
		{D6E78CCE-A2CB-4AC6-81C0-BB9903B414A8} = {1C2F2895-D234-461B-A672-92866FA638E6}
		{D0FE78E7-9DA9-4E31-89FF-CE89A95E0ED8} = {1C2F2895-D234-461B-A672-92866FA638E6}
		{52AACC0A-09B9-41FE-8D1B-546CDE6D0583} = {1C2F2895-D234-461B-A672-92866FA638E6}
		{979FC620-3941-483D-82C7-A1FC09429873} = {1C2F2895-D234-461B-A672-92866FA638E6}
		{D53D795B-87AF-4A53-B284-83A5C5F08B06} = {1C2F2895-D234-461B-A672-92866FA638E6}
		{7E25014F-9AB0-4DB9-8A0B-678B84B8DF7F} = {1C2F2895-D234-461B-A672-92866FA638E6}
		{5A51FA95-BBFC-425C-BA62-49A87CBB011E} = {1C2F2895-D234-461B-A672-92866FA638E6}
		{9EC71211-3884-483A-AEB6-96AF06B5753A} = {1C2F2895-D234-461B-A672-92866FA638E6}
	EndGlobalSection
	GlobalSection(ExtensibilityGlobals) = postSolution
		SolutionGuid = {FA1CCD31-87D7-49E2-A7DC-58DAEFB316FC}
	EndGlobalSection
EndGlobal
